
Microsoft Visual Studio Solution File, Format Version 12.00
# Visual Studio Version 17
VisualStudioVersion = 17.1.32319.34
MinimumVisualStudioVersion = 10.0.40219.1
Project("{9A19103F-16F7-4668-BE54-9A1E7A4F7556}") = "OAuth2Test1", "OAuth2Test1\OAuth2Test1.csproj", "{F108142E-2388-487E-A23B-0B5C90FFEA3E}"
EndProject
Project("{9A19103F-16F7-4668-BE54-9A1E7A4F7556}") = "DGAuthServer", "DGAuthServer\DGAuthServer.csproj", "{CBE6CBFC-848D-41AE-8A22-9A62DBBB1884}"
EndProject
Project("{9A19103F-16F7-4668-BE54-9A1E7A4F7556}") = "AspNetCore6React", "AspNetCore6React\AspNetCore6React.csproj", "{EA80FC37-83D1-4964-B076-82FFC622503B}"
EndProject
Project("{9A19103F-16F7-4668-BE54-9A1E7A4F7556}") = "ApiResult", "ApiResult\ApiResult.csproj", "{15AE1682-D3A6-42DB-B883-C0D231A57045}"
EndProject
Project("{2150E333-8FDC-42A3-9474-1A3956D46DE8}") = "Reference", "Reference", "{22C8D51D-858D-410D-A6F0-6E345E677596}"
EndProject
Project("{9A19103F-16F7-4668-BE54-9A1E7A4F7556}") = "SPA_NetCore_Foundation2_01", "SPA_NetCore_Foundation2_01\SPA_NetCore_Foundation2_01.csproj", "{5D5D31BA-C45C-41AA-ADB7-93437B1A70D4}"
EndProject
Project("{9A19103F-16F7-4668-BE54-9A1E7A4F7556}") = "SPA_NetCore_Foundation2_Test", "SPA_NetCore_Foundation2_Test\SPA_NetCore_Foundation2_Test.csproj", "{72C7C3B5-2FE0-4A42-B9A3-EB75C5E65237}"
EndProject
Project("{9A19103F-16F7-4668-BE54-9A1E7A4F7556}") = "SPA_NetCore_Foundation2_TestHome", "SPA_NetCore_Foundation2_TestHome\SPA_NetCore_Foundation2_TestHome.csproj", "{EE83F5AE-C416-4B15-9AD7-9DFE211C5D58}"
EndProject
Project("{9A19103F-16F7-4668-BE54-9A1E7A4F7556}") = "SPA_NetCore_Foundation2_TestAdmin", "SPA_NetCore_Foundation2_TestAdmin\SPA_NetCore_Foundation2_TestAdmin.csproj", "{99027A62-F6C4-46D1-811D-FEF76635187A}"
EndProject
Project("{2150E333-8FDC-42A3-9474-1A3956D46DE8}") = "SPA_NetCore_FDN2_01", "SPA_NetCore_FDN2_01", "{CC8776C2-5FB3-4842-A738-0D50A19E476E}"
EndProject
Project("{9A19103F-16F7-4668-BE54-9A1E7A4F7556}") = "SPA_NetCore_Foundation2_02", "SPA_NetCore_Foundation2_02\SPA_NetCore_Foundation2_02.csproj", "{F8C0DA2C-A778-4AAB-8D1E-8E30ABE96F1B}"
EndProject
Project("{9A19103F-16F7-4668-BE54-9A1E7A4F7556}") = "SPA_NetCore_Foundation2_02Admin", "SPA_NetCore_Foundation2_02Admin\SPA_NetCore_Foundation2_02Admin.csproj", "{08744B7F-362B-4893-93CA-C2AAE73FF5DC}"
EndProject
Project("{9A19103F-16F7-4668-BE54-9A1E7A4F7556}") = "SPA_NetCore_Foundation2_02Home", "SPA_NetCore_Foundation2_02Home\SPA_NetCore_Foundation2_02Home.csproj", "{5AC085B1-EDD0-4D08-9E37-B90F408095D5}"
EndProject
Project("{FAE04EC0-301F-11D3-BF4B-00C04F79EFBC}") = "DGAuthServer_Sample_Cookie", "DGAuthServer_Sample_Cookie\DGAuthServer_Sample_Cookie.csproj", "{E09198D8-A850-4043-B479-7E71FCD30898}"
EndProject
Global
	GlobalSection(SolutionConfigurationPlatforms) = preSolution
		Debug|Any CPU = Debug|Any CPU
		Release|Any CPU = Release|Any CPU
	EndGlobalSection
	GlobalSection(ProjectConfigurationPlatforms) = postSolution
		{F108142E-2388-487E-A23B-0B5C90FFEA3E}.Debug|Any CPU.ActiveCfg = Debug|Any CPU
		{F108142E-2388-487E-A23B-0B5C90FFEA3E}.Debug|Any CPU.Build.0 = Debug|Any CPU
		{F108142E-2388-487E-A23B-0B5C90FFEA3E}.Release|Any CPU.ActiveCfg = Release|Any CPU
		{F108142E-2388-487E-A23B-0B5C90FFEA3E}.Release|Any CPU.Build.0 = Release|Any CPU
		{CBE6CBFC-848D-41AE-8A22-9A62DBBB1884}.Debug|Any CPU.ActiveCfg = Debug|Any CPU
		{CBE6CBFC-848D-41AE-8A22-9A62DBBB1884}.Debug|Any CPU.Build.0 = Debug|Any CPU
		{CBE6CBFC-848D-41AE-8A22-9A62DBBB1884}.Release|Any CPU.ActiveCfg = Release|Any CPU
		{CBE6CBFC-848D-41AE-8A22-9A62DBBB1884}.Release|Any CPU.Build.0 = Release|Any CPU
		{EA80FC37-83D1-4964-B076-82FFC622503B}.Debug|Any CPU.ActiveCfg = Debug|Any CPU
		{EA80FC37-83D1-4964-B076-82FFC622503B}.Debug|Any CPU.Build.0 = Debug|Any CPU
		{EA80FC37-83D1-4964-B076-82FFC622503B}.Release|Any CPU.ActiveCfg = Release|Any CPU
		{EA80FC37-83D1-4964-B076-82FFC622503B}.Release|Any CPU.Build.0 = Release|Any CPU
		{15AE1682-D3A6-42DB-B883-C0D231A57045}.Debug|Any CPU.ActiveCfg = Debug|Any CPU
		{15AE1682-D3A6-42DB-B883-C0D231A57045}.Debug|Any CPU.Build.0 = Debug|Any CPU
		{15AE1682-D3A6-42DB-B883-C0D231A57045}.Release|Any CPU.ActiveCfg = Release|Any CPU
		{15AE1682-D3A6-42DB-B883-C0D231A57045}.Release|Any CPU.Build.0 = Release|Any CPU
		{5D5D31BA-C45C-41AA-ADB7-93437B1A70D4}.Debug|Any CPU.ActiveCfg = Debug|Any CPU
		{5D5D31BA-C45C-41AA-ADB7-93437B1A70D4}.Debug|Any CPU.Build.0 = Debug|Any CPU
		{5D5D31BA-C45C-41AA-ADB7-93437B1A70D4}.Release|Any CPU.ActiveCfg = Release|Any CPU
		{5D5D31BA-C45C-41AA-ADB7-93437B1A70D4}.Release|Any CPU.Build.0 = Release|Any CPU
		{72C7C3B5-2FE0-4A42-B9A3-EB75C5E65237}.Debug|Any CPU.ActiveCfg = Debug|Any CPU
		{72C7C3B5-2FE0-4A42-B9A3-EB75C5E65237}.Debug|Any CPU.Build.0 = Debug|Any CPU
		{72C7C3B5-2FE0-4A42-B9A3-EB75C5E65237}.Release|Any CPU.ActiveCfg = Release|Any CPU
		{72C7C3B5-2FE0-4A42-B9A3-EB75C5E65237}.Release|Any CPU.Build.0 = Release|Any CPU
		{EE83F5AE-C416-4B15-9AD7-9DFE211C5D58}.Debug|Any CPU.ActiveCfg = Debug|Any CPU
		{EE83F5AE-C416-4B15-9AD7-9DFE211C5D58}.Debug|Any CPU.Build.0 = Debug|Any CPU
		{EE83F5AE-C416-4B15-9AD7-9DFE211C5D58}.Release|Any CPU.ActiveCfg = Release|Any CPU
		{EE83F5AE-C416-4B15-9AD7-9DFE211C5D58}.Release|Any CPU.Build.0 = Release|Any CPU
		{99027A62-F6C4-46D1-811D-FEF76635187A}.Debug|Any CPU.ActiveCfg = Debug|Any CPU
		{99027A62-F6C4-46D1-811D-FEF76635187A}.Debug|Any CPU.Build.0 = Debug|Any CPU
		{99027A62-F6C4-46D1-811D-FEF76635187A}.Release|Any CPU.ActiveCfg = Release|Any CPU
		{99027A62-F6C4-46D1-811D-FEF76635187A}.Release|Any CPU.Build.0 = Release|Any CPU
		{F8C0DA2C-A778-4AAB-8D1E-8E30ABE96F1B}.Debug|Any CPU.ActiveCfg = Debug|Any CPU
		{F8C0DA2C-A778-4AAB-8D1E-8E30ABE96F1B}.Debug|Any CPU.Build.0 = Debug|Any CPU
		{F8C0DA2C-A778-4AAB-8D1E-8E30ABE96F1B}.Release|Any CPU.ActiveCfg = Release|Any CPU
		{F8C0DA2C-A778-4AAB-8D1E-8E30ABE96F1B}.Release|Any CPU.Build.0 = Release|Any CPU
		{08744B7F-362B-4893-93CA-C2AAE73FF5DC}.Debug|Any CPU.ActiveCfg = Debug|Any CPU
		{08744B7F-362B-4893-93CA-C2AAE73FF5DC}.Debug|Any CPU.Build.0 = Debug|Any CPU
		{08744B7F-362B-4893-93CA-C2AAE73FF5DC}.Release|Any CPU.ActiveCfg = Release|Any CPU
		{08744B7F-362B-4893-93CA-C2AAE73FF5DC}.Release|Any CPU.Build.0 = Release|Any CPU
		{5AC085B1-EDD0-4D08-9E37-B90F408095D5}.Debug|Any CPU.ActiveCfg = Debug|Any CPU
		{5AC085B1-EDD0-4D08-9E37-B90F408095D5}.Debug|Any CPU.Build.0 = Debug|Any CPU
		{5AC085B1-EDD0-4D08-9E37-B90F408095D5}.Release|Any CPU.ActiveCfg = Release|Any CPU
		{5AC085B1-EDD0-4D08-9E37-B90F408095D5}.Release|Any CPU.Build.0 = Release|Any CPU
		{E09198D8-A850-4043-B479-7E71FCD30898}.Debug|Any CPU.ActiveCfg = Debug|Any CPU
		{E09198D8-A850-4043-B479-7E71FCD30898}.Debug|Any CPU.Build.0 = Debug|Any CPU
		{E09198D8-A850-4043-B479-7E71FCD30898}.Release|Any CPU.ActiveCfg = Release|Any CPU
		{E09198D8-A850-4043-B479-7E71FCD30898}.Release|Any CPU.Build.0 = Release|Any CPU
	EndGlobalSection
	GlobalSection(SolutionProperties) = preSolution
		HideSolutionNode = FALSE
	EndGlobalSection
	GlobalSection(NestedProjects) = preSolution
		{CBE6CBFC-848D-41AE-8A22-9A62DBBB1884} = {22C8D51D-858D-410D-A6F0-6E345E677596}
		{15AE1682-D3A6-42DB-B883-C0D231A57045} = {22C8D51D-858D-410D-A6F0-6E345E677596}
		{5D5D31BA-C45C-41AA-ADB7-93437B1A70D4} = {CC8776C2-5FB3-4842-A738-0D50A19E476E}
		{F8C0DA2C-A778-4AAB-8D1E-8E30ABE96F1B} = {CC8776C2-5FB3-4842-A738-0D50A19E476E}
		{08744B7F-362B-4893-93CA-C2AAE73FF5DC} = {CC8776C2-5FB3-4842-A738-0D50A19E476E}
		{5AC085B1-EDD0-4D08-9E37-B90F408095D5} = {CC8776C2-5FB3-4842-A738-0D50A19E476E}
	EndGlobalSection
	GlobalSection(ExtensibilityGlobals) = postSolution
		SolutionGuid = {354DDB56-F49F-4A70-9C5A-2BD620077A66}
	EndGlobalSection
EndGlobal
