
Microsoft Visual Studio Solution File, Format Version 12.00
# Visual Studio Version 17
VisualStudioVersion = 17.1.32319.34
MinimumVisualStudioVersion = 10.0.40219.1
Project("{FAE04EC0-301F-11D3-BF4B-00C04F79EFBC}") = "JwtAuthTest", "JwtAuthTest\JwtAuthTest.csproj", "{6E09F09A-AF34-4C8D-B4C1-C17E004B5096}"
EndProject
Project("{FAE04EC0-301F-11D3-BF4B-00C04F79EFBC}") = "JwtAuthTest2", "JwtAuthTest2\JwtAuthTest2.csproj", "{B04E7025-E1BC-4F40-8F81-2E5C3EF7073C}"
EndProject
Global
	GlobalSection(SolutionConfigurationPlatforms) = preSolution
		Debug|Any CPU = Debug|Any CPU
		Release|Any CPU = Release|Any CPU
	EndGlobalSection
	GlobalSection(ProjectConfigurationPlatforms) = postSolution
		{6E09F09A-AF34-4C8D-B4C1-C17E004B5096}.Debug|Any CPU.ActiveCfg = Debug|Any CPU
		{6E09F09A-AF34-4C8D-B4C1-C17E004B5096}.Debug|Any CPU.Build.0 = Debug|Any CPU
		{6E09F09A-AF34-4C8D-B4C1-C17E004B5096}.Release|Any CPU.ActiveCfg = Release|Any CPU
		{6E09F09A-AF34-4C8D-B4C1-C17E004B5096}.Release|Any CPU.Build.0 = Release|Any CPU
		{B04E7025-E1BC-4F40-8F81-2E5C3EF7073C}.Debug|Any CPU.ActiveCfg = Debug|Any CPU
		{B04E7025-E1BC-4F40-8F81-2E5C3EF7073C}.Debug|Any CPU.Build.0 = Debug|Any CPU
		{B04E7025-E1BC-4F40-8F81-2E5C3EF7073C}.Release|Any CPU.ActiveCfg = Release|Any CPU
		{B04E7025-E1BC-4F40-8F81-2E5C3EF7073C}.Release|Any CPU.Build.0 = Release|Any CPU
	EndGlobalSection
	GlobalSection(SolutionProperties) = preSolution
		HideSolutionNode = FALSE
	EndGlobalSection
	GlobalSection(ExtensibilityGlobals) = postSolution
		SolutionGuid = {354DDB56-F49F-4A70-9C5A-2BD620077A66}
	EndGlobalSection
EndGlobal
